
Microsoft Visual Studio Solution File, Format Version 12.00
# Visual Studio Version 17
VisualStudioVersion = 17.0.31919.166
MinimumVisualStudioVersion = 10.0.40219.1
Project("{9A19103F-16F7-4668-BE54-9A1E7A4F7556}") = "Project", "Project.csproj", "{C9BFDC4B-D166-4C4A-BC55-77CBBF97D806}"
EndProject
Global
	GlobalSection(SolutionConfigurationPlatforms) = preSolution
		Debug|Any CPU = Debug|Any CPU
		Release|Any CPU = Release|Any CPU
	EndGlobalSection
	GlobalSection(ProjectConfigurationPlatforms) = postSolution
		{C9BFDC4B-D166-4C4A-BC55-77CBBF97D806}.Debug|Any CPU.ActiveCfg = Debug|Any CPU
		{C9BFDC4B-D166-4C4A-BC55-77CBBF97D806}.Debug|Any CPU.Build.0 = Debug|Any CPU
		{C9BFDC4B-D166-4C4A-BC55-77CBBF97D806}.Release|Any CPU.ActiveCfg = Release|Any CPU
		{C9BFDC4B-D166-4C4A-BC55-77CBBF97D806}.Release|Any CPU.Build.0 = Release|Any CPU
	EndGlobalSection
	GlobalSection(SolutionProperties) = preSolution
		HideSolutionNode = FALSE
	EndGlobalSection
	GlobalSection(ExtensibilityGlobals) = postSolution
		SolutionGuid = {24DF7598-46FA-45E4-80B5-4EE5C8EB775C}
	EndGlobalSection
EndGlobal
